lockfileVersion: '9.0'

settings:
  autoInstallPeers: true
  excludeLinksFromLockfile: false

importers:

  .:
    dependencies:
      emailjs-com:
        specifier: ^3.2.0
        version: 3.2.0

packages:

  emailjs-com@3.2.0:
    resolution: {integrity: sha512-Prbz3E1usiAwGjMNYRv6EsJ5c373cX7/AGnZQwOfrpNJrygQJ15+E9OOq4pU8yC977Z5xMetRfc3WmDX6RcjAA==}
    engines: {node: '>=12.0.0'}
    deprecated: The SDK name changed to @emailjs/browser

snapshots:

  emailjs-com@3.2.0: {}
